
Microsoft Visual Studio Solution File, Format Version 12.00
# Visual Studio Version 16
VisualStudioVersion = 16.0.31729.503
MinimumVisualStudioVersion = 10.0.40219.1
Project("{FAE04EC0-301F-11D3-BF4B-00C04F79EFBC}") = "name_project", "name_project\name_project.csproj", "{D0EF9653-6C20-4F38-9535-FC97E6E21326}"
EndProject
Global
	GlobalSection(SolutionConfigurationPlatforms) = preSolution
		Debug|Any CPU = Debug|Any CPU
		Release|Any CPU = Release|Any CPU
	EndGlobalSection
	GlobalSection(ProjectConfigurationPlatforms) = postSolution
		{D0EF9653-6C20-4F38-9535-FC97E6E21326}.Debug|Any CPU.ActiveCfg = Debug|Any CPU
		{D0EF9653-6C20-4F38-9535-FC97E6E21326}.Debug|Any CPU.Build.0 = Debug|Any CPU
		{D0EF9653-6C20-4F38-9535-FC97E6E21326}.Release|Any CPU.ActiveCfg = Release|Any CPU
		{D0EF9653-6C20-4F38-9535-FC97E6E21326}.Release|Any CPU.Build.0 = Release|Any CPU
	EndGlobalSection
	GlobalSection(SolutionProperties) = preSolution
		HideSolutionNode = FALSE
	EndGlobalSection
	GlobalSection(ExtensibilityGlobals) = postSolution
		SolutionGuid = {C007FC43-2E31-4CDE-8235-9D4CB0F2BE72}
	EndGlobalSection
EndGlobal
