
Microsoft Visual Studio Solution File, Format Version 12.00
# Visual Studio Version 16
VisualStudioVersion = 16.0.31729.503
MinimumVisualStudioVersion = 10.0.40219.1
Project("{FAE04EC0-301F-11D3-BF4B-00C04F79EFBC}") = "Insert_Details", "Insert_Details\Insert_Details.csproj", "{C5B2B6F5-BC0D-4154-88D4-E7DF9F43CEEB}"
EndProject
Global
	GlobalSection(SolutionConfigurationPlatforms) = preSolution
		Debug|Any CPU = Debug|Any CPU
		Release|Any CPU = Release|Any CPU
	EndGlobalSection
	GlobalSection(ProjectConfigurationPlatforms) = postSolution
		{C5B2B6F5-BC0D-4154-88D4-E7DF9F43CEEB}.Debug|Any CPU.ActiveCfg = Debug|Any CPU
		{C5B2B6F5-BC0D-4154-88D4-E7DF9F43CEEB}.Debug|Any CPU.Build.0 = Debug|Any CPU
		{C5B2B6F5-BC0D-4154-88D4-E7DF9F43CEEB}.Release|Any CPU.ActiveCfg = Release|Any CPU
		{C5B2B6F5-BC0D-4154-88D4-E7DF9F43CEEB}.Release|Any CPU.Build.0 = Release|Any CPU
	EndGlobalSection
	GlobalSection(SolutionProperties) = preSolution
		HideSolutionNode = FALSE
	EndGlobalSection
	GlobalSection(ExtensibilityGlobals) = postSolution
		SolutionGuid = {0F3BC2D8-7E1A-407F-8478-19829B5E230B}
	EndGlobalSection
EndGlobal
