
Microsoft Visual Studio Solution File, Format Version 12.00
# Visual Studio Version 16
VisualStudioVersion = 16.0.31729.503
MinimumVisualStudioVersion = 10.0.40219.1
Project("{FAE04EC0-301F-11D3-BF4B-00C04F79EFBC}") = "Generic_add", "Generic_add\Generic_add.csproj", "{BA057F5B-3BD4-4DCD-9885-356429CEA45B}"
EndProject
Global
	GlobalSection(SolutionConfigurationPlatforms) = preSolution
		Debug|Any CPU = Debug|Any CPU
		Release|Any CPU = Release|Any CPU
	EndGlobalSection
	GlobalSection(ProjectConfigurationPlatforms) = postSolution
		{BA057F5B-3BD4-4DCD-9885-356429CEA45B}.Debug|Any CPU.ActiveCfg = Debug|Any CPU
		{BA057F5B-3BD4-4DCD-9885-356429CEA45B}.Debug|Any CPU.Build.0 = Debug|Any CPU
		{BA057F5B-3BD4-4DCD-9885-356429CEA45B}.Release|Any CPU.ActiveCfg = Release|Any CPU
		{BA057F5B-3BD4-4DCD-9885-356429CEA45B}.Release|Any CPU.Build.0 = Release|Any CPU
	EndGlobalSection
	GlobalSection(SolutionProperties) = preSolution
		HideSolutionNode = FALSE
	EndGlobalSection
	GlobalSection(ExtensibilityGlobals) = postSolution
		SolutionGuid = {85FB8AAA-A9E9-459A-8BCC-FE23AC530713}
	EndGlobalSection
EndGlobal
