
Microsoft Visual Studio Solution File, Format Version 12.00
# Visual Studio Version 16
VisualStudioVersion = 16.0.31729.503
MinimumVisualStudioVersion = 10.0.40219.1
Project("{FAE04EC0-301F-11D3-BF4B-00C04F79EFBC}") = "Threading", "Threading\Threading.csproj", "{05D81BED-1E6B-4020-A65E-A0D38CDFD344}"
EndProject
Global
	GlobalSection(SolutionConfigurationPlatforms) = preSolution
		Debug|Any CPU = Debug|Any CPU
		Release|Any CPU = Release|Any CPU
	EndGlobalSection
	GlobalSection(ProjectConfigurationPlatforms) = postSolution
		{05D81BED-1E6B-4020-A65E-A0D38CDFD344}.Debug|Any CPU.ActiveCfg = Debug|Any CPU
		{05D81BED-1E6B-4020-A65E-A0D38CDFD344}.Debug|Any CPU.Build.0 = Debug|Any CPU
		{05D81BED-1E6B-4020-A65E-A0D38CDFD344}.Release|Any CPU.ActiveCfg = Release|Any CPU
		{05D81BED-1E6B-4020-A65E-A0D38CDFD344}.Release|Any CPU.Build.0 = Release|Any CPU
	EndGlobalSection
	GlobalSection(SolutionProperties) = preSolution
		HideSolutionNode = FALSE
	EndGlobalSection
	GlobalSection(ExtensibilityGlobals) = postSolution
		SolutionGuid = {69EBD487-5BCA-408D-87B0-FF80F87397C9}
	EndGlobalSection
EndGlobal
