
Microsoft Visual Studio Solution File, Format Version 12.00
# Visual Studio Version 16
VisualStudioVersion = 16.0.31729.503
MinimumVisualStudioVersion = 10.0.40219.1
Project("{FAE04EC0-301F-11D3-BF4B-00C04F79EFBC}") = "Get_Set", "Get_Set\Get_Set.csproj", "{A81253C7-E7BF-47CF-BE0D-D8EEAA1ADA68}"
EndProject
Global
	GlobalSection(SolutionConfigurationPlatforms) = preSolution
		Debug|Any CPU = Debug|Any CPU
		Release|Any CPU = Release|Any CPU
	EndGlobalSection
	GlobalSection(ProjectConfigurationPlatforms) = postSolution
		{A81253C7-E7BF-47CF-BE0D-D8EEAA1ADA68}.Debug|Any CPU.ActiveCfg = Debug|Any CPU
		{A81253C7-E7BF-47CF-BE0D-D8EEAA1ADA68}.Debug|Any CPU.Build.0 = Debug|Any CPU
		{A81253C7-E7BF-47CF-BE0D-D8EEAA1ADA68}.Release|Any CPU.ActiveCfg = Release|Any CPU
		{A81253C7-E7BF-47CF-BE0D-D8EEAA1ADA68}.Release|Any CPU.Build.0 = Release|Any CPU
	EndGlobalSection
	GlobalSection(SolutionProperties) = preSolution
		HideSolutionNode = FALSE
	EndGlobalSection
	GlobalSection(ExtensibilityGlobals) = postSolution
		SolutionGuid = {557FC14D-C286-47DB-A1D1-87A127D8EA83}
	EndGlobalSection
EndGlobal
